
Microsoft Visual Studio Solution File, Format Version 12.00
# Visual Studio 15
VisualStudioVersion = 15.0.28010.2050
MinimumVisualStudioVersion = 10.0.40219.1
Project("{FAE04EC0-301F-11D3-BF4B-00C04F79EFBC}") = "NFLGameWeather", "NFLGameWeather\NFLGameWeather.csproj", "{467A57D0-AB9D-4248-AA1F-8364A256EF55}"
EndProject
Project("{FAE04EC0-301F-11D3-BF4B-00C04F79EFBC}") = "NFLGameWeatherTests", "NFLGameWeatherTests\NFLGameWeatherTests.csproj", "{4DFBCD54-EF3D-41C9-A7FD-5CDDF21BF909}"
EndProject
Global
	GlobalSection(SolutionConfigurationPlatforms) = preSolution
		Debug|Any CPU = Debug|Any CPU
		Release|Any CPU = Release|Any CPU
	EndGlobalSection
	GlobalSection(ProjectConfigurationPlatforms) = postSolution
		{467A57D0-AB9D-4248-AA1F-8364A256EF55}.Debug|Any CPU.ActiveCfg = Debug|Any CPU
		{467A57D0-AB9D-4248-AA1F-8364A256EF55}.Debug|Any CPU.Build.0 = Debug|Any CPU
		{467A57D0-AB9D-4248-AA1F-8364A256EF55}.Release|Any CPU.ActiveCfg = Release|Any CPU
		{467A57D0-AB9D-4248-AA1F-8364A256EF55}.Release|Any CPU.Build.0 = Release|Any CPU
		{4DFBCD54-EF3D-41C9-A7FD-5CDDF21BF909}.Debug|Any CPU.ActiveCfg = Debug|Any CPU
		{4DFBCD54-EF3D-41C9-A7FD-5CDDF21BF909}.Debug|Any CPU.Build.0 = Debug|Any CPU
		{4DFBCD54-EF3D-41C9-A7FD-5CDDF21BF909}.Release|Any CPU.ActiveCfg = Release|Any CPU
		{4DFBCD54-EF3D-41C9-A7FD-5CDDF21BF909}.Release|Any CPU.Build.0 = Release|Any CPU
	EndGlobalSection
	GlobalSection(SolutionProperties) = preSolution
		HideSolutionNode = FALSE
	EndGlobalSection
	GlobalSection(ExtensibilityGlobals) = postSolution
		SolutionGuid = {E236E406-0424-4F3E-B30F-C596D53E8D74}
	EndGlobalSection
EndGlobal
